// !$*UTF8*$!
{
	archiveVersion = 1;
	classes = {
	};
	objectVersion = 45;
	objects = {

/* Begin PBXBuildFile section */
		490CDB280ECCE572004B7D04 /* Music in Resources */ = {isa = PBXBuildFile; fileRef = 490CDB270ECCE572004B7D04 /* Music */; };
		4930D74F0ECE22990053CC8B /* Images in Resources */ = {isa = PBXBuildFile; fileRef = 4930D74A0ECE22990053CC8B /* Images */; };
		4932246F0F23E1970048495A /* Shaders in Resources */ = {isa = PBXBuildFile; fileRef = 493224690F23E1970048495A /* Shaders */; };
		49554A330EDDBD1F009CA121 /* Stars in Resources */ = {isa = PBXBuildFile; fileRef = 49554A300EDDBD1F009CA121 /* Stars */; };
		49597A130ED4D47C00173D17 /* Config in Resources */ = {isa = PBXBuildFile; fileRef = 49597A0B0ED4D47C00173D17 /* Config */; };
		496039280ED0B555003BA716 /* Scripts in Resources */ = {isa = PBXBuildFile; fileRef = 496039250ED0B555003BA716 /* Scripts */; };
		496924290EBE4CEA00930DDD /* SDL.framework in Frameworks */ = {isa = PBXBuildFile; fileRef = 496924170EBE4CEA00930DDD /* SDL.framework */; };
		4969242A0EBE4CEA00930DDD /* SDL_image.framework in Frameworks */ = {isa = PBXBuildFile; fileRef = 496924180EBE4CEA00930DDD /* SDL_image.framework */; };
		4969242B0EBE4CEA00930DDD /* SDL_mixer.framework in Frameworks */ = {isa = PBXBuildFile; fileRef = 496924190EBE4CEA00930DDD /* SDL_mixer.framework */; };
		4969242C0EBE4CEA00930DDD /* SDL_ttf.framework in Frameworks */ = {isa = PBXBuildFile; fileRef = 4969241A0EBE4CEA00930DDD /* SDL_ttf.framework */; };
		496924660EBE4D0600930DDD /* SDL.framework in Copy Frameworks */ = {isa = PBXBuildFile; fileRef = 496924170EBE4CEA00930DDD /* SDL.framework */; };
		496924670EBE4D0600930DDD /* SDL_image.framework in Copy Frameworks */ = {isa = PBXBuildFile; fileRef = 496924180EBE4CEA00930DDD /* SDL_image.framework */; };
		496924680EBE4D0600930DDD /* SDL_mixer.framework in Copy Frameworks */ = {isa = PBXBuildFile; fileRef = 496924190EBE4CEA00930DDD /* SDL_mixer.framework */; };
		496924690EBE4D0600930DDD /* SDL_ttf.framework in Copy Frameworks */ = {isa = PBXBuildFile; fileRef = 4969241A0EBE4CEA00930DDD /* SDL_ttf.framework */; };
		496924830EBE516100930DDD /* Xsera.cpp in Sources */ = {isa = PBXBuildFile; fileRef = 496924820EBE516100930DDD /* Xsera.cpp */; };
		496A28470F0ECB7B00C53BA1 /* libApollo.a in Frameworks */ = {isa = PBXBuildFile; fileRef = 496A27830F0EC9A300C53BA1 /* libApollo.a */; };
		49A0E6940ECC3887007F3458 /* OpenGL.framework in Frameworks */ = {isa = PBXBuildFile; fileRef = 49A0E6930ECC3887007F3458 /* OpenGL.framework */; };
		49A315530ED6BDD90054BB8B /* Fonts in Resources */ = {isa = PBXBuildFile; fileRef = 49A315500ED6BDD90054BB8B /* Fonts */; };
		49D543CB0ED5E222002FC38E /* Sprites in Resources */ = {isa = PBXBuildFile; fileRef = 49D543B80ED5E222002FC38E /* Sprites */; };
		5766341710AF74600025BA67 /* Particles in Resources */ = {isa = PBXBuildFile; fileRef = 5766341410AF74600025BA67 /* Particles */; };
		57FCA77F10ACF9F6002D6A9E /* Objects in Resources */ = {isa = PBXBuildFile; fileRef = 57FCA77910ACF9F6002D6A9E /* Objects */; };
		57FCA78010ACF9F6002D6A9E /* Textures in Resources */ = {isa = PBXBuildFile; fileRef = 57FCA77C10ACF9F6002D6A9E /* Textures */; };
		7A58AD60108919F200C4F789 /* NewResources in Resources */ = {isa = PBXBuildFile; fileRef = 7A58AD4C108919F200C4F789 /* NewResources */; };
		7A8C71560EDB0FB700CFE5D3 /* Sounds in Resources */ = {isa = PBXBuildFile; fileRef = 7A8C711F0EDB0FB700CFE5D3 /* Sounds */; };
/* End PBXBuildFile section */

/* Begin PBXContainerItemProxy section */
		496A27820F0EC9A300C53BA1 /* PBXContainerItemProxy */ = {
			isa = PBXContainerItemProxy;
			containerPortal = 496A27300F0EC29C00C53BA1 /* Apollo.xcodeproj */;
			proxyType = 2;
			remoteGlobalIDString = 496A277E0F0EC9A000C53BA1;
			remoteInfo = Apollo;
		};
		496A28450F0ECB7200C53BA1 /* PBXContainerItemProxy */ = {
			isa = PBXContainerItemProxy;
			containerPortal = 496A27300F0EC29C00C53BA1 /* Apollo.xcodeproj */;
			proxyType = 1;
			remoteGlobalIDString = 496A277D0F0EC9A000C53BA1;
			remoteInfo = Apollo;
		};
/* End PBXContainerItemProxy section */

/* Begin PBXCopyFilesBuildPhase section */
		496924030EBE4CD600930DDD /* Copy Frameworks */ = {
			isa = PBXCopyFilesBuildPhase;
			buildActionMask = 2147483647;
			dstPath = "";
			dstSubfolderSpec = 10;
			files = (
				496924660EBE4D0600930DDD /* SDL.framework in Copy Frameworks */,
				496924670EBE4D0600930DDD /* SDL_image.framework in Copy Frameworks */,
				496924680EBE4D0600930DDD /* SDL_mixer.framework in Copy Frameworks */,
				496924690EBE4D0600930DDD /* SDL_ttf.framework in Copy Frameworks */,
			);
			name = "Copy Frameworks";
			runOnlyForDeploymentPostprocessing = 0;
		};
/* End PBXCopyFilesBuildPhase section */

/* Begin PBXFileReference section */
		490CDB270ECCE572004B7D04 /* Music */ = {isa = PBXFileReference; lastKnownFileType = folder; name = Music; path = ../Resources/Music; sourceTree = SOURCE_ROOT; };
		4930D74A0ECE22990053CC8B /* Images */ = {isa = PBXFileReference; lastKnownFileType = folder; name = Images; path = ../Resources/Images; sourceTree = SOURCE_ROOT; };
		493224690F23E1970048495A /* Shaders */ = {isa = PBXFileReference; lastKnownFileType = folder; name = Shaders; path = ../Resources/Shaders; sourceTree = SOURCE_ROOT; };
		49554A300EDDBD1F009CA121 /* Stars */ = {isa = PBXFileReference; lastKnownFileType = folder; name = Stars; path = ../Resources/Stars; sourceTree = SOURCE_ROOT; };
		49597A0B0ED4D47C00173D17 /* Config */ = {isa = PBXFileReference; lastKnownFileType = folder; name = Config; path = ../Resources/Config; sourceTree = SOURCE_ROOT; };
		496039250ED0B555003BA716 /* Scripts */ = {isa = PBXFileReference; lastKnownFileType = folder; name = Scripts; path = ../Resources/Scripts; sourceTree = SOURCE_ROOT; };
		496923DB0EBE4BC300930DDD /* Xsera.app */ = {isa = PBXFileReference; explicitFileType = wrapper.application; includeInIndex = 0; path = Xsera.app; sourceTree = BUILT_PRODUCTS_DIR; };
		496923DE0EBE4BC300930DDD /* Xsera-Info.plist */ = {isa = PBXFileReference; lastKnownFileType = text.plist.xml; path = "Xsera-Info.plist"; sourceTree = "<group>"; };
		496924170EBE4CEA00930DDD /* SDL.framework */ = {isa = PBXFileReference; lastKnownFileType = wrapper.framework; path = SDL.framework; sourceTree = "<group>"; };
		496924180EBE4CEA00930DDD /* SDL_image.framework */ = {isa = PBXFileReference; lastKnownFileType = wrapper.framework; path = SDL_image.framework; sourceTree = "<group>"; };
		496924190EBE4CEA00930DDD /* SDL_mixer.framework */ = {isa = PBXFileReference; lastKnownFileType = wrapper.framework; path = SDL_mixer.framework; sourceTree = "<group>"; };
		4969241A0EBE4CEA00930DDD /* SDL_ttf.framework */ = {isa = PBXFileReference; lastKnownFileType = wrapper.framework; path = SDL_ttf.framework; sourceTree = "<group>"; };
		496924820EBE516100930DDD /* Xsera.cpp */ = {isa = PBXFileReference; fileEncoding = 4; lastKnownFileType = sourcecode.cpp.cpp; path = Xsera.cpp; sourceTree = "<group>"; };
		496A27300F0EC29C00C53BA1 /* Apollo.xcodeproj */ = {isa = PBXFileReference; lastKnownFileType = "wrapper.pb-project"; path = Apollo.xcodeproj; sourceTree = "<group>"; };
		49A0E6930ECC3887007F3458 /* OpenGL.framework */ = {isa = PBXFileReference; lastKnownFileType = wrapper.framework; name = OpenGL.framework; path = /System/Library/Frameworks/OpenGL.framework; sourceTree = "<absolute>"; };
		49A315500ED6BDD90054BB8B /* Fonts */ = {isa = PBXFileReference; lastKnownFileType = folder; name = Fonts; path = ../Resources/Fonts; sourceTree = SOURCE_ROOT; };
		49D543B80ED5E222002FC38E /* Sprites */ = {isa = PBXFileReference; lastKnownFileType = folder; name = Sprites; path = ../Resources/Sprites; sourceTree = SOURCE_ROOT; };
		5766341410AF74600025BA67 /* Particles */ = {isa = PBXFileReference; lastKnownFileType = folder; name = Particles; path = ../Resources/Particles; sourceTree = SOURCE_ROOT; };
		57FCA77910ACF9F6002D6A9E /* Objects */ = {isa = PBXFileReference; lastKnownFileType = folder; name = Objects; path = ../Resources/Objects; sourceTree = SOURCE_ROOT; };
		57FCA77C10ACF9F6002D6A9E /* Textures */ = {isa = PBXFileReference; lastKnownFileType = folder; name = Textures; path = ../Resources/Textures; sourceTree = SOURCE_ROOT; };
		7A58AD4C108919F200C4F789 /* NewResources */ = {isa = PBXFileReference; lastKnownFileType = folder; name = NewResources; path = ../Resources/NewResources; sourceTree = SOURCE_ROOT; };
		7A8C711F0EDB0FB700CFE5D3 /* Sounds */ = {isa = PBXFileReference; lastKnownFileType = folder; name = Sounds; path = ../Resources/Sounds; sourceTree = SOURCE_ROOT; };
/* End PBXFileReference section */

/* Begin PBXFrameworksBuildPhase section */
		496923D90EBE4BC300930DDD /* Frameworks */ = {
			isa = PBXFrameworksBuildPhase;
			buildActionMask = 2147483647;
			files = (
				496A28470F0ECB7B00C53BA1 /* libApollo.a in Frameworks */,
				496924290EBE4CEA00930DDD /* SDL.framework in Frameworks */,
				4969242A0EBE4CEA00930DDD /* SDL_image.framework in Frameworks */,
				4969242B0EBE4CEA00930DDD /* SDL_mixer.framework in Frameworks */,
				4969242C0EBE4CEA00930DDD /* SDL_ttf.framework in Frameworks */,
				49A0E6940ECC3887007F3458 /* OpenGL.framework in Frameworks */,
			);
			runOnlyForDeploymentPostprocessing = 0;
		};
/* End PBXFrameworksBuildPhase section */

/* Begin PBXGroup section */
		496923C90EBE4B7600930DDD = {
			isa = PBXGroup;
			children = (
				496A27300F0EC29C00C53BA1 /* Apollo.xcodeproj */,
				496923E40EBE4C4000930DDD /* Source */,
				496923E30EBE4C3900930DDD /* External */,
				496923E20EBE4C3500930DDD /* Resources */,
				496923DC0EBE4BC300930DDD /* Products */,
				496923DE0EBE4BC300930DDD /* Xsera-Info.plist */,
			);
			sourceTree = "<group>";
		};
		496923DC0EBE4BC300930DDD /* Products */ = {
			isa = PBXGroup;
			children = (
				496923DB0EBE4BC300930DDD /* Xsera.app */,
			);
			name = Products;
			sourceTree = "<group>";
		};
		496923E20EBE4C3500930DDD /* Resources */ = {
			isa = PBXGroup;
			children = (
				496039250ED0B555003BA716 /* Scripts */,
				49597A0B0ED4D47C00173D17 /* Config */,
				5766341410AF74600025BA67 /* Particles */,
				57FCA77910ACF9F6002D6A9E /* Objects */,
				57FCA77C10ACF9F6002D6A9E /* Textures */,
				493224690F23E1970048495A /* Shaders */,
				49554A300EDDBD1F009CA121 /* Stars */,
				7A8C711F0EDB0FB700CFE5D3 /* Sounds */,
				49A315500ED6BDD90054BB8B /* Fonts */,
				49D543B80ED5E222002FC38E /* Sprites */,
				7A58AD4C108919F200C4F789 /* NewResources */,
				4930D74A0ECE22990053CC8B /* Images */,
				490CDB270ECCE572004B7D04 /* Music */,
			);
			name = Resources;
			sourceTree = "<group>";
		};
		496923E30EBE4C3900930DDD /* External */ = {
			isa = PBXGroup;
			children = (
				49A0E6930ECC3887007F3458 /* OpenGL.framework */,
				496924170EBE4CEA00930DDD /* SDL.framework */,
				496924180EBE4CEA00930DDD /* SDL_image.framework */,
				496924190EBE4CEA00930DDD /* SDL_mixer.framework */,
				4969241A0EBE4CEA00930DDD /* SDL_ttf.framework */,
			);
			name = External;
			path = ../External;
			sourceTree = "<group>";
		};
		496923E40EBE4C4000930DDD /* Source */ = {
			isa = PBXGroup;
			children = (
				496924820EBE516100930DDD /* Xsera.cpp */,
			);
			name = Source;
			path = ../Source;
			sourceTree = "<group>";
		};
		496A27310F0EC29C00C53BA1 /* Products */ = {
			isa = PBXGroup;
			children = (
				496A27830F0EC9A300C53BA1 /* libApollo.a */,
			);
			name = Products;
			sourceTree = "<group>";
		};
/* End PBXGroup section */

/* Begin PBXNativeTarget section */
		496923DA0EBE4BC300930DDD /* Xsera */ = {
			isa = PBXNativeTarget;
			buildConfigurationList = 496923E10EBE4BC400930DDD /* Build configuration list for PBXNativeTarget "Xsera" */;
			buildPhases = (
				496923D70EBE4BC300930DDD /* Resources */,
				496924030EBE4CD600930DDD /* Copy Frameworks */,
				496923D80EBE4BC300930DDD /* Sources */,
				496923D90EBE4BC300930DDD /* Frameworks */,
			);
			buildRules = (
			);
			dependencies = (
				496A28460F0ECB7200C53BA1 /* PBXTargetDependency */,
			);
			name = Xsera;
			productName = Xsera;
			productReference = 496923DB0EBE4BC300930DDD /* Xsera.app */;
			productType = "com.apple.product-type.application";
		};
/* End PBXNativeTarget section */

/* Begin PBXProject section */
		496923CB0EBE4B7600930DDD /* Project object */ = {
			isa = PBXProject;
			attributes = {
				BuildIndependentTargetsInParallel = NO;
			};
			buildConfigurationList = 496923CE0EBE4B7600930DDD /* Build configuration list for PBXProject "Xsera" */;
			compatibilityVersion = "Xcode 3.1";
			hasScannedForEncodings = 0;
			mainGroup = 496923C90EBE4B7600930DDD;
			productRefGroup = 496923DC0EBE4BC300930DDD /* Products */;
			projectDirPath = "";
			projectReferences = (
				{
					ProductGroup = 496A27310F0EC29C00C53BA1 /* Products */;
					ProjectRef = 496A27300F0EC29C00C53BA1 /* Apollo.xcodeproj */;
				},
			);
			projectRoot = ..;
			targets = (
				496923DA0EBE4BC300930DDD /* Xsera */,
			);
		};
/* End PBXProject section */

/* Begin PBXReferenceProxy section */
		496A27830F0EC9A300C53BA1 /* libApollo.a */ = {
			isa = PBXReferenceProxy;
			fileType = archive.ar;
			path = libApollo.a;
			remoteRef = 496A27820F0EC9A300C53BA1 /* PBXContainerItemProxy */;
			sourceTree = BUILT_PRODUCTS_DIR;
		};
/* End PBXReferenceProxy section */

/* Begin PBXResourcesBuildPhase section */
		496923D70EBE4BC300930DDD /* Resources */ = {
			isa = PBXResourcesBuildPhase;
			buildActionMask = 2147483647;
			files = (
				490CDB280ECCE572004B7D04 /* Music in Resources */,
				4930D74F0ECE22990053CC8B /* Images in Resources */,
				496039280ED0B555003BA716 /* Scripts in Resources */,
				49597A130ED4D47C00173D17 /* Config in Resources */,
				49D543CB0ED5E222002FC38E /* Sprites in Resources */,
				49A315530ED6BDD90054BB8B /* Fonts in Resources */,
				7A8C71560EDB0FB700CFE5D3 /* Sounds in Resources */,
				49554A330EDDBD1F009CA121 /* Stars in Resources */,
				4932246F0F23E1970048495A /* Shaders in Resources */,
				7A58AD60108919F200C4F789 /* NewResources in Resources */,
				57FCA77F10ACF9F6002D6A9E /* Objects in Resources */,
				57FCA78010ACF9F6002D6A9E /* Textures in Resources */,
				5766341710AF74600025BA67 /* Particles in Resources */,
			);
			runOnlyForDeploymentPostprocessing = 0;
		};
/* End PBXResourcesBuildPhase section */

/* Begin PBXSourcesBuildPhase section */
		496923D80EBE4BC300930DDD /* Sources */ = {
			isa = PBXSourcesBuildPhase;
			buildActionMask = 2147483647;
			files = (
				496924830EBE516100930DDD /* Xsera.cpp in Sources */,
			);
			runOnlyForDeploymentPostprocessing = 0;
		};
/* End PBXSourcesBuildPhase section */

/* Begin PBXTargetDependency section */
		496A28460F0ECB7200C53BA1 /* PBXTargetDependency */ = {
			isa = PBXTargetDependency;
			name = Apollo;
			targetProxy = 496A28450F0ECB7200C53BA1 /* PBXContainerItemProxy */;
		};
/* End PBXTargetDependency section */

/* Begin XCBuildConfiguration section */
		496923CC0EBE4B7600930DDD /* Debug */ = {
			isa = XCBuildConfiguration;
			buildSettings = {
				ARCHS = "$(NATIVE_ARCH)";
				COPY_PHASE_STRIP = NO;
				CURRENT_PROJECT_VERSION = 0.0.2;
				GCC_PREPROCESSOR_DEFINITIONS = "";
				GCC_VERSION = 4.0;
				SDKROOT = macosx10.4;
			};
			name = Debug;
		};
		496923CD0EBE4B7600930DDD /* Release */ = {
			isa = XCBuildConfiguration;
			buildSettings = {
				ARCHS = "$(ARCHS_STANDARD_32_BIT)";
				COPY_PHASE_STRIP = YES;
				GCC_PREPROCESSOR_DEFINITIONS = NDEBUG;
				GCC_VERSION = 4.0;
				SDKROOT = macosx10.4;
			};
			name = Release;
		};
		496923DF0EBE4BC400930DDD /* Debug */ = {
			isa = XCBuildConfiguration;
			buildSettings = {
				ALWAYS_SEARCH_USER_PATHS = NO;
				ARCHS = "$(ARCHS_STANDARD_32_BIT)";
				COPY_PHASE_STRIP = NO;
				FRAMEWORK_SEARCH_PATHS = (
					"$(inherited)",
					"\"$(SRCROOT)/../External\"",
				);
				GCC_C_LANGUAGE_STANDARD = c99;
				GCC_DYNAMIC_NO_PIC = NO;
				GCC_ENABLE_FIX_AND_CONTINUE = YES;
				GCC_MODEL_TUNING = G5;
				GCC_OPTIMIZATION_LEVEL = 0;
				GCC_PRECOMPILE_PREFIX_HEADER = NO;
				GCC_PREFIX_HEADER = "";
				GCC_VERSION = 4.0;
				HEADER_SEARCH_PATHS = (
					"$(SRCROOT)/../External",
					"$(SRCROOT)/../External/SDL.framework/Headers",
					"$(SRCROOT)/../External/eNet",
					"$(SRCROOT)/../Source",
					"$(SRCROOT)/../External/Lua",
					"$(SRCROOT)/../Engine",
				);
				INFOPLIST_FILE = "Xsera-Info.plist";
				INSTALL_PATH = "$(HOME)/Applications";
				ONLY_ACTIVE_ARCH = YES;
				OTHER_LDFLAGS = (
					"-framework",
					Foundation,
					"-framework",
					AppKit,
				);
				PREBINDING = NO;
				PRODUCT_NAME = Xsera;
			};
			name = Debug;
		};
		496923E00EBE4BC400930DDD /* Release */ = {
			isa = XCBuildConfiguration;
			buildSettings = {
				ALWAYS_SEARCH_USER_PATHS = NO;
				ARCHS = "$(ARCHS_STANDARD_32_BIT)";
				COPY_PHASE_STRIP = YES;
				DEBUG_INFORMATION_FORMAT = "dwarf-with-dsym";
				FRAMEWORK_SEARCH_PATHS = (
					"$(inherited)",
					"\"$(SRCROOT)/../External\"",
				);
				GCC_C_LANGUAGE_STANDARD = c99;
				GCC_ENABLE_FIX_AND_CONTINUE = NO;
				GCC_MODEL_TUNING = G5;
				GCC_PRECOMPILE_PREFIX_HEADER = NO;
				GCC_PREFIX_HEADER = "";
				GCC_VERSION = 4.0;
				HEADER_SEARCH_PATHS = (
					"$(SRCROOT)/../External",
					"$(SRCROOT)/../External/SDL.framework/Headers",
					"$(SRCROOT)/../External/eNet",
					"$(SRCROOT)/../Source",
					"$(SRCROOT)/../External/Lua",
					"$(SRCROOT)/../Engine",
				);
				INFOPLIST_FILE = "Xsera-Info.plist";
				INSTALL_PATH = "$(HOME)/Applications";
				OTHER_LDFLAGS = (
					"-framework",
					Foundation,
					"-framework",
					AppKit,
				);
				PREBINDING = NO;
				PRODUCT_NAME = Xsera;
				ZERO_LINK = NO;
			};
			name = Release;
		};
		D2D8433D1124AB1900564113 /* Debug (quiet) */ = {
			isa = XCBuildConfiguration;
			buildSettings = {
				ARCHS = "$(NATIVE_ARCH)";
				COPY_PHASE_STRIP = NO;
				CURRENT_PROJECT_VERSION = 0.0.2;
				GCC_PREPROCESSOR_DEFINITIONS = "";
				GCC_VERSION = 4.0;
				SDKROOT = macosx10.4;
			};
			name = "Debug (quiet)";
		};
		D2D8433E1124AB1900564113 /* Debug (quiet) */ = {
			isa = XCBuildConfiguration;
			buildSettings = {
				ALWAYS_SEARCH_USER_PATHS = NO;
				ARCHS = "$(ARCHS_STANDARD_32_BIT)";
				COPY_PHASE_STRIP = NO;
				FRAMEWORK_SEARCH_PATHS = (
					"$(inherited)",
					"\"$(SRCROOT)/../External\"",
				);
				GCC_C_LANGUAGE_STANDARD = c99;
				GCC_DYNAMIC_NO_PIC = NO;
				GCC_ENABLE_FIX_AND_CONTINUE = YES;
				GCC_MODEL_TUNING = G5;
				GCC_OPTIMIZATION_LEVEL = 0;
				GCC_PRECOMPILE_PREFIX_HEADER = NO;
				GCC_PREFIX_HEADER = "";
				GCC_VERSION = 4.0;
				HEADER_SEARCH_PATHS = (
					"$(SRCROOT)/../External",
					"$(SRCROOT)/../External/SDL.framework/Headers",
					"$(SRCROOT)/../External/eNet",
					"$(SRCROOT)/../Source",
					"$(SRCROOT)/../External/Lua",
					"$(SRCROOT)/../Engine",
				);
				INFOPLIST_FILE = "Xsera-Info.plist";
				INSTALL_PATH = "$(HOME)/Applications";
				ONLY_ACTIVE_ARCH = YES;
				OTHER_LDFLAGS = (
					"-framework",
					Foundation,
					"-framework",
					AppKit,
				);
				PREBINDING = NO;
				PRODUCT_NAME = Xsera;
			};
			name = "Debug (quiet)";
		};
/* End XCBuildConfiguration section */

/* Begin XCConfigurationList section */
		496923CE0EBE4B7600930DDD /* Build configuration list for PBXProject "Xsera" */ = {
			isa = XCConfigurationList;
			buildConfigurations = (
				496923CC0EBE4B7600930DDD /* Debug */,
				D2D8433D1124AB1900564113 /* Debug (quiet) */,
				496923CD0EBE4B7600930DDD /* Release */,
			);
			defaultConfigurationIsVisible = 0;
			defaultConfigurationName = Release;
		};
		496923E10EBE4BC400930DDD /* Build configuration list for PBXNativeTarget "Xsera" */ = {
			isa = XCConfigurationList;
			buildConfigurations = (
				496923DF0EBE4BC400930DDD /* Debug */,
				D2D8433E1124AB1900564113 /* Debug (quiet) */,
				496923E00EBE4BC400930DDD /* Release */,
			);
			defaultConfigurationIsVisible = 0;
			defaultConfigurationName = Release;
		};
/* End XCConfigurationList section */
	};
	rootObject = 496923CB0EBE4B7600930DDD /* Project object */;
}
